
Microsoft Visual Studio Solution File, Format Version 12.00
# Visual Studio Version 16
VisualStudioVersion = 16.0.36422.26
MinimumVisualStudioVersion = 10.0.40219.1
Project("{FAE04EC0-301F-11D3-BF4B-00C04F79EFBC}") = "SistemaVC-VinosCosteros", "SistemaVC-VinosCosteros.csproj", "{FBC9342D-A058-4A1A-A843-C860E2992702}"
EndProject
Global
	GlobalSection(SolutionConfigurationPlatforms) = preSolution
		Debug|Any CPU = Debug|Any CPU
		Release|Any CPU = Release|Any CPU
	EndGlobalSection
	GlobalSection(ProjectConfigurationPlatforms) = postSolution
		{FBC9342D-A058-4A1A-A843-C860E2992702}.Debug|Any CPU.ActiveCfg = Debug|Any CPU
		{FBC9342D-A058-4A1A-A843-C860E2992702}.Debug|Any CPU.Build.0 = Debug|Any CPU
		{FBC9342D-A058-4A1A-A843-C860E2992702}.Release|Any CPU.ActiveCfg = Release|Any CPU
		{FBC9342D-A058-4A1A-A843-C860E2992702}.Release|Any CPU.Build.0 = Release|Any CPU
	EndGlobalSection
	GlobalSection(SolutionProperties) = preSolution
		HideSolutionNode = FALSE
	EndGlobalSection
	GlobalSection(ExtensibilityGlobals) = postSolution
		SolutionGuid = {6F85EE76-C226-4EC1-941E-102A119D65BB}
	EndGlobalSection
EndGlobal
